
Microsoft Visual Studio Solution File, Format Version 12.00
# Visual Studio Version 17
VisualStudioVersion = 17.6.33723.286
MinimumVisualStudioVersion = 10.0.40219.1
Project("{9A19103F-16F7-4668-BE54-9A1E7A4F7556}") = "Лаба 3", "Лаба 3\Лаба 3.csproj", "{4CFA9B5F-C6F6-4299-943F-413A52D89375}"
EndProject
Project("{9A19103F-16F7-4668-BE54-9A1E7A4F7556}") = "VitalikTeamLibrary", "..\VitalikTeamLibrary\VitalikTeamLibrary\VitalikTeamLibrary.csproj", "{B84940D2-AB95-4779-BC83-12239AA16B7E}"
EndProject
Project("{FAE04EC0-301F-11D3-BF4B-00C04F79EFBC}") = "TestLaba5", "TestLaba5\TestLaba5.csproj", "{DCE5E231-DF0F-40FC-A2FB-E76F675A5552}"
EndProject
Global
	GlobalSection(SolutionConfigurationPlatforms) = preSolution
		Debug|Any CPU = Debug|Any CPU
		Release|Any CPU = Release|Any CPU
	EndGlobalSection
	GlobalSection(ProjectConfigurationPlatforms) = postSolution
		{4CFA9B5F-C6F6-4299-943F-413A52D89375}.Debug|Any CPU.ActiveCfg = Debug|Any CPU
		{4CFA9B5F-C6F6-4299-943F-413A52D89375}.Debug|Any CPU.Build.0 = Debug|Any CPU
		{4CFA9B5F-C6F6-4299-943F-413A52D89375}.Release|Any CPU.ActiveCfg = Release|Any CPU
		{4CFA9B5F-C6F6-4299-943F-413A52D89375}.Release|Any CPU.Build.0 = Release|Any CPU
		{B84940D2-AB95-4779-BC83-12239AA16B7E}.Debug|Any CPU.ActiveCfg = Debug|Any CPU
		{B84940D2-AB95-4779-BC83-12239AA16B7E}.Debug|Any CPU.Build.0 = Debug|Any CPU
		{B84940D2-AB95-4779-BC83-12239AA16B7E}.Release|Any CPU.ActiveCfg = Release|Any CPU
		{B84940D2-AB95-4779-BC83-12239AA16B7E}.Release|Any CPU.Build.0 = Release|Any CPU
		{DCE5E231-DF0F-40FC-A2FB-E76F675A5552}.Debug|Any CPU.ActiveCfg = Debug|Any CPU
		{DCE5E231-DF0F-40FC-A2FB-E76F675A5552}.Debug|Any CPU.Build.0 = Debug|Any CPU
		{DCE5E231-DF0F-40FC-A2FB-E76F675A5552}.Release|Any CPU.ActiveCfg = Release|Any CPU
		{DCE5E231-DF0F-40FC-A2FB-E76F675A5552}.Release|Any CPU.Build.0 = Release|Any CPU
	EndGlobalSection
	GlobalSection(SolutionProperties) = preSolution
		HideSolutionNode = FALSE
	EndGlobalSection
	GlobalSection(ExtensibilityGlobals) = postSolution
		SolutionGuid = {A51F297E-E2F3-4EB1-B3DA-6146323474E0}
	EndGlobalSection
EndGlobal
