
Microsoft Visual Studio Solution File, Format Version 12.00
# Visual Studio Version 17
VisualStudioVersion = 17.9.34622.214
MinimumVisualStudioVersion = 10.0.40219.1
Project("{FAE04EC0-301F-11D3-BF4B-00C04F79EFBC}") = "Laba14", "Laba14\Laba14.csproj", "{9267D8BE-0589-41E3-B748-87BC1610F722}"
EndProject
Project("{9A19103F-16F7-4668-BE54-9A1E7A4F7556}") = "DoubleLinkedList", "..\BinaryTree\BinaryTree\DoubleLinkedList.csproj", "{D99AC03F-1C00-4C1A-8381-450BE45E0120}"
EndProject
Project("{9A19103F-16F7-4668-BE54-9A1E7A4F7556}") = "Laba10", "..\Laba10\Laba10\Laba10.csproj", "{225DD1D3-5C15-4577-9FD6-B5F3961061D6}"
EndProject
Global
	GlobalSection(SolutionConfigurationPlatforms) = preSolution
		Debug|Any CPU = Debug|Any CPU
		Release|Any CPU = Release|Any CPU
	EndGlobalSection
	GlobalSection(ProjectConfigurationPlatforms) = postSolution
		{9267D8BE-0589-41E3-B748-87BC1610F722}.Debug|Any CPU.ActiveCfg = Debug|Any CPU
		{9267D8BE-0589-41E3-B748-87BC1610F722}.Debug|Any CPU.Build.0 = Debug|Any CPU
		{9267D8BE-0589-41E3-B748-87BC1610F722}.Release|Any CPU.ActiveCfg = Release|Any CPU
		{9267D8BE-0589-41E3-B748-87BC1610F722}.Release|Any CPU.Build.0 = Release|Any CPU
		{D99AC03F-1C00-4C1A-8381-450BE45E0120}.Debug|Any CPU.ActiveCfg = Debug|Any CPU
		{D99AC03F-1C00-4C1A-8381-450BE45E0120}.Debug|Any CPU.Build.0 = Debug|Any CPU
		{D99AC03F-1C00-4C1A-8381-450BE45E0120}.Release|Any CPU.ActiveCfg = Release|Any CPU
		{D99AC03F-1C00-4C1A-8381-450BE45E0120}.Release|Any CPU.Build.0 = Release|Any CPU
		{225DD1D3-5C15-4577-9FD6-B5F3961061D6}.Debug|Any CPU.ActiveCfg = Debug|Any CPU
		{225DD1D3-5C15-4577-9FD6-B5F3961061D6}.Debug|Any CPU.Build.0 = Debug|Any CPU
		{225DD1D3-5C15-4577-9FD6-B5F3961061D6}.Release|Any CPU.ActiveCfg = Release|Any CPU
		{225DD1D3-5C15-4577-9FD6-B5F3961061D6}.Release|Any CPU.Build.0 = Release|Any CPU
	EndGlobalSection
	GlobalSection(SolutionProperties) = preSolution
		HideSolutionNode = FALSE
	EndGlobalSection
	GlobalSection(ExtensibilityGlobals) = postSolution
		SolutionGuid = {968532EE-1D8F-4EC5-B070-88358F661794}
	EndGlobalSection
EndGlobal
