
Microsoft Visual Studio Solution File, Format Version 12.00
# Visual Studio Version 17
VisualStudioVersion = 17.7.34221.43
MinimumVisualStudioVersion = 10.0.40219.1
Project("{9A19103F-16F7-4668-BE54-9A1E7A4F7556}") = "Laba_11", "Laba_11\Laba_11.csproj", "{2C2880D5-A137-4970-BBA8-AD8F7C75B044}"
EndProject
Project("{9A19103F-16F7-4668-BE54-9A1E7A4F7556}") = "Laba10", "..\Laba10\Laba10\Laba10.csproj", "{410638EF-B6E4-4EEE-B612-E2FF8E6C3906}"
EndProject
Global
	GlobalSection(SolutionConfigurationPlatforms) = preSolution
		Debug|Any CPU = Debug|Any CPU
		Release|Any CPU = Release|Any CPU
	EndGlobalSection
	GlobalSection(ProjectConfigurationPlatforms) = postSolution
		{2C2880D5-A137-4970-BBA8-AD8F7C75B044}.Debug|Any CPU.ActiveCfg = Debug|Any CPU
		{2C2880D5-A137-4970-BBA8-AD8F7C75B044}.Debug|Any CPU.Build.0 = Debug|Any CPU
		{2C2880D5-A137-4970-BBA8-AD8F7C75B044}.Release|Any CPU.ActiveCfg = Release|Any CPU
		{2C2880D5-A137-4970-BBA8-AD8F7C75B044}.Release|Any CPU.Build.0 = Release|Any CPU
		{410638EF-B6E4-4EEE-B612-E2FF8E6C3906}.Debug|Any CPU.ActiveCfg = Debug|Any CPU
		{410638EF-B6E4-4EEE-B612-E2FF8E6C3906}.Debug|Any CPU.Build.0 = Debug|Any CPU
		{410638EF-B6E4-4EEE-B612-E2FF8E6C3906}.Release|Any CPU.ActiveCfg = Release|Any CPU
		{410638EF-B6E4-4EEE-B612-E2FF8E6C3906}.Release|Any CPU.Build.0 = Release|Any CPU
	EndGlobalSection
	GlobalSection(SolutionProperties) = preSolution
		HideSolutionNode = FALSE
	EndGlobalSection
	GlobalSection(ExtensibilityGlobals) = postSolution
		SolutionGuid = {CEDD32C1-FCCB-4661-B944-220AF4698BA3}
	EndGlobalSection
EndGlobal
