
Microsoft Visual Studio Solution File, Format Version 12.00
# Visual Studio Version 17
VisualStudioVersion = 17.5.33530.505
MinimumVisualStudioVersion = 10.0.40219.1
Project("{FAE04EC0-301F-11D3-BF4B-00C04F79EFBC}") = "WinForm", "WinForm.csproj", "{F1BD06C9-1F91-4A44-BCE4-7D3BA7BCAFAE}"
EndProject
Global
	GlobalSection(SolutionConfigurationPlatforms) = preSolution
		Debug|Any CPU = Debug|Any CPU
		Release|Any CPU = Release|Any CPU
	EndGlobalSection
	GlobalSection(ProjectConfigurationPlatforms) = postSolution
		{F1BD06C9-1F91-4A44-BCE4-7D3BA7BCAFAE}.Debug|Any CPU.ActiveCfg = Debug|Any CPU
		{F1BD06C9-1F91-4A44-BCE4-7D3BA7BCAFAE}.Debug|Any CPU.Build.0 = Debug|Any CPU
		{F1BD06C9-1F91-4A44-BCE4-7D3BA7BCAFAE}.Release|Any CPU.ActiveCfg = Release|Any CPU
		{F1BD06C9-1F91-4A44-BCE4-7D3BA7BCAFAE}.Release|Any CPU.Build.0 = Release|Any CPU
	EndGlobalSection
	GlobalSection(SolutionProperties) = preSolution
		HideSolutionNode = FALSE
	EndGlobalSection
	GlobalSection(ExtensibilityGlobals) = postSolution
		SolutionGuid = {F8A4384D-64D2-4480-B4FC-B896EF3A7FA8}
	EndGlobalSection
EndGlobal
