
Microsoft Visual Studio Solution File, Format Version 12.00
# Visual Studio Version 17
VisualStudioVersion = 17.7.34221.43
MinimumVisualStudioVersion = 10.0.40219.1
Project("{9A19103F-16F7-4668-BE54-9A1E7A4F7556}") = "Laba10", "Laba10\Laba10.csproj", "{CA70849B-BAE6-4560-BB52-7C51818526DF}"
EndProject
Project("{9A19103F-16F7-4668-BE54-9A1E7A4F7556}") = "VitalikTeamLibrary", "..\VitalikTeamLibrary\VitalikTeamLibrary\VitalikTeamLibrary.csproj", "{180FC538-07FA-4EBB-97BD-DC47A43BA09C}"
EndProject
Project("{9A19103F-16F7-4668-BE54-9A1E7A4F7556}") = "Laba10NoVir", "Laba10NoVir\Laba10NoVir.csproj", "{4928B233-24F8-46AA-933D-00A7B7EF182E}"
EndProject
Global
	GlobalSection(SolutionConfigurationPlatforms) = preSolution
		Debug|Any CPU = Debug|Any CPU
		Release|Any CPU = Release|Any CPU
	EndGlobalSection
	GlobalSection(ProjectConfigurationPlatforms) = postSolution
		{CA70849B-BAE6-4560-BB52-7C51818526DF}.Debug|Any CPU.ActiveCfg = Debug|Any CPU
		{CA70849B-BAE6-4560-BB52-7C51818526DF}.Debug|Any CPU.Build.0 = Debug|Any CPU
		{CA70849B-BAE6-4560-BB52-7C51818526DF}.Release|Any CPU.ActiveCfg = Release|Any CPU
		{CA70849B-BAE6-4560-BB52-7C51818526DF}.Release|Any CPU.Build.0 = Release|Any CPU
		{180FC538-07FA-4EBB-97BD-DC47A43BA09C}.Debug|Any CPU.ActiveCfg = Debug|Any CPU
		{180FC538-07FA-4EBB-97BD-DC47A43BA09C}.Debug|Any CPU.Build.0 = Debug|Any CPU
		{180FC538-07FA-4EBB-97BD-DC47A43BA09C}.Release|Any CPU.ActiveCfg = Release|Any CPU
		{180FC538-07FA-4EBB-97BD-DC47A43BA09C}.Release|Any CPU.Build.0 = Release|Any CPU
		{4928B233-24F8-46AA-933D-00A7B7EF182E}.Debug|Any CPU.ActiveCfg = Debug|Any CPU
		{4928B233-24F8-46AA-933D-00A7B7EF182E}.Debug|Any CPU.Build.0 = Debug|Any CPU
		{4928B233-24F8-46AA-933D-00A7B7EF182E}.Release|Any CPU.ActiveCfg = Release|Any CPU
		{4928B233-24F8-46AA-933D-00A7B7EF182E}.Release|Any CPU.Build.0 = Release|Any CPU
	EndGlobalSection
	GlobalSection(SolutionProperties) = preSolution
		HideSolutionNode = FALSE
	EndGlobalSection
	GlobalSection(ExtensibilityGlobals) = postSolution
		SolutionGuid = {7DBD4765-809A-4080-B9AF-11841B954AC8}
	EndGlobalSection
EndGlobal
