
Microsoft Visual Studio Solution File, Format Version 12.00
# Visual Studio Version 17
VisualStudioVersion = 17.6.33723.286
MinimumVisualStudioVersion = 10.0.40219.1
Project("{9A19103F-16F7-4668-BE54-9A1E7A4F7556}") = "Лаба 9", "Лаба 9\Лаба 9.csproj", "{176B112E-6DD3-4C94-9C3E-9CF1B5B6197B}"
EndProject
Project("{9A19103F-16F7-4668-BE54-9A1E7A4F7556}") = "VitalikTeamLibrary", "..\VitalikTeamLibrary\VitalikTeamLibrary\VitalikTeamLibrary.csproj", "{C43761D6-AF04-479D-BEF8-9EF759B95520}"
EndProject
Project("{FAE04EC0-301F-11D3-BF4B-00C04F79EFBC}") = "Test 9", "Test 9\Test 9.csproj", "{5BB2C5B6-983F-4EA3-AA0C-39EC664E6098}"
EndProject
Global
	GlobalSection(SolutionConfigurationPlatforms) = preSolution
		Debug|Any CPU = Debug|Any CPU
		Release|Any CPU = Release|Any CPU
	EndGlobalSection
	GlobalSection(ProjectConfigurationPlatforms) = postSolution
		{176B112E-6DD3-4C94-9C3E-9CF1B5B6197B}.Debug|Any CPU.ActiveCfg = Debug|Any CPU
		{176B112E-6DD3-4C94-9C3E-9CF1B5B6197B}.Debug|Any CPU.Build.0 = Debug|Any CPU
		{176B112E-6DD3-4C94-9C3E-9CF1B5B6197B}.Release|Any CPU.ActiveCfg = Release|Any CPU
		{176B112E-6DD3-4C94-9C3E-9CF1B5B6197B}.Release|Any CPU.Build.0 = Release|Any CPU
		{C43761D6-AF04-479D-BEF8-9EF759B95520}.Debug|Any CPU.ActiveCfg = Debug|Any CPU
		{C43761D6-AF04-479D-BEF8-9EF759B95520}.Debug|Any CPU.Build.0 = Debug|Any CPU
		{C43761D6-AF04-479D-BEF8-9EF759B95520}.Release|Any CPU.ActiveCfg = Release|Any CPU
		{C43761D6-AF04-479D-BEF8-9EF759B95520}.Release|Any CPU.Build.0 = Release|Any CPU
		{5BB2C5B6-983F-4EA3-AA0C-39EC664E6098}.Debug|Any CPU.ActiveCfg = Debug|Any CPU
		{5BB2C5B6-983F-4EA3-AA0C-39EC664E6098}.Debug|Any CPU.Build.0 = Debug|Any CPU
		{5BB2C5B6-983F-4EA3-AA0C-39EC664E6098}.Release|Any CPU.ActiveCfg = Release|Any CPU
		{5BB2C5B6-983F-4EA3-AA0C-39EC664E6098}.Release|Any CPU.Build.0 = Release|Any CPU
	EndGlobalSection
	GlobalSection(SolutionProperties) = preSolution
		HideSolutionNode = FALSE
	EndGlobalSection
	GlobalSection(ExtensibilityGlobals) = postSolution
		SolutionGuid = {DB394CE8-6A59-4AFB-9E00-BA98FA3A8D7C}
	EndGlobalSection
EndGlobal
