
Microsoft Visual Studio Solution File, Format Version 12.00
# Visual Studio Version 17
VisualStudioVersion = 17.9.34622.214
MinimumVisualStudioVersion = 10.0.40219.1
Project("{FAE04EC0-301F-11D3-BF4B-00C04F79EFBC}") = "Laba13", "Laba14\Laba13.csproj", "{BA4987AB-A90E-4BDB-9DAF-8DDFA4FB1BA8}"
EndProject
Project("{9A19103F-16F7-4668-BE54-9A1E7A4F7556}") = "Laba10", "A:\GitHub\PNRPU\второй курс лабы\ООП\Laba10\Laba10\Laba10.csproj", "{9AA748C6-28E4-43C2-9B4F-64362813A213}"
EndProject
Project("{9A19103F-16F7-4668-BE54-9A1E7A4F7556}") = "DoubleLinkedList", "..\BinaryTree\BinaryTree\DoubleLinkedList.csproj", "{2F99E9B0-C497-433A-B9BA-10BD32BFB4F4}"
EndProject
Global
	GlobalSection(SolutionConfigurationPlatforms) = preSolution
		Debug|Any CPU = Debug|Any CPU
		Release|Any CPU = Release|Any CPU
	EndGlobalSection
	GlobalSection(ProjectConfigurationPlatforms) = postSolution
		{BA4987AB-A90E-4BDB-9DAF-8DDFA4FB1BA8}.Debug|Any CPU.ActiveCfg = Debug|Any CPU
		{BA4987AB-A90E-4BDB-9DAF-8DDFA4FB1BA8}.Debug|Any CPU.Build.0 = Debug|Any CPU
		{BA4987AB-A90E-4BDB-9DAF-8DDFA4FB1BA8}.Release|Any CPU.ActiveCfg = Release|Any CPU
		{BA4987AB-A90E-4BDB-9DAF-8DDFA4FB1BA8}.Release|Any CPU.Build.0 = Release|Any CPU
		{9AA748C6-28E4-43C2-9B4F-64362813A213}.Debug|Any CPU.ActiveCfg = Debug|Any CPU
		{9AA748C6-28E4-43C2-9B4F-64362813A213}.Debug|Any CPU.Build.0 = Debug|Any CPU
		{9AA748C6-28E4-43C2-9B4F-64362813A213}.Release|Any CPU.ActiveCfg = Release|Any CPU
		{9AA748C6-28E4-43C2-9B4F-64362813A213}.Release|Any CPU.Build.0 = Release|Any CPU
		{2F99E9B0-C497-433A-B9BA-10BD32BFB4F4}.Debug|Any CPU.ActiveCfg = Debug|Any CPU
		{2F99E9B0-C497-433A-B9BA-10BD32BFB4F4}.Debug|Any CPU.Build.0 = Debug|Any CPU
		{2F99E9B0-C497-433A-B9BA-10BD32BFB4F4}.Release|Any CPU.ActiveCfg = Release|Any CPU
		{2F99E9B0-C497-433A-B9BA-10BD32BFB4F4}.Release|Any CPU.Build.0 = Release|Any CPU
	EndGlobalSection
	GlobalSection(SolutionProperties) = preSolution
		HideSolutionNode = FALSE
	EndGlobalSection
	GlobalSection(ExtensibilityGlobals) = postSolution
		SolutionGuid = {32D101C8-61D6-4B42-90D7-D6CD48071950}
	EndGlobalSection
EndGlobal
